// !$*UTF8*$!
{
	archiveVersion = 1;
	classes = {
	};
	objectVersion = 55;
	objects = {

/* Begin PBXBuildFile section */
		0A8F5ECC2892CFAD00425DB3 /* rpsApp.swift in Sources */ = {isa = PBXBuildFile; fileRef = 0A8F5ECB2892CFAD00425DB3 /* rpsApp.swift */; };
		0A8F5ECE2892CFAD00425DB3 /* ContentView.swift in Sources */ = {isa = PBXBuildFile; fileRef = 0A8F5ECD2892CFAD00425DB3 /* ContentView.swift */; };
		0A8F5ED02892CFB000425DB3 /* Assets.xcassets in Resources */ = {isa = PBXBuildFile; fileRef = 0A8F5ECF2892CFB000425DB3 /* Assets.xcassets */; };
		0A8F5ED32892CFB000425DB3 /* Preview Assets.xcassets in Resources */ = {isa = PBXBuildFile; fileRef = 0A8F5ED22892CFB000425DB3 /* Preview Assets.xcassets */; };
		0A8F5EDD2892CFB000425DB3 /* rpsTests.swift in Sources */ = {isa = PBXBuildFile; fileRef = 0A8F5EDC2892CFB000425DB3 /* rpsTests.swift */; };
		0A8F5EE72892CFB000425DB3 /* rpsUITests.swift in Sources */ = {isa = PBXBuildFile; fileRef = 0A8F5EE62892CFB000425DB3 /* rpsUITests.swift */; };
		0A8F5EE92892CFB000425DB3 /* rpsUITestsLaunchTests.swift in Sources */ = {isa = PBXBuildFile; fileRef = 0A8F5EE82892CFB000425DB3 /* rpsUITestsLaunchTests.swift */; };
/* End PBXBuildFile section */

/* Begin PBXContainerItemProxy section */
		0A8F5ED92892CFB000425DB3 /* PBXContainerItemProxy */ = {
			isa = PBXContainerItemProxy;
			containerPortal = 0A8F5EC02892CFAD00425DB3 /* Project object */;
			proxyType = 1;
			remoteGlobalIDString = 0A8F5EC72892CFAD00425DB3;
			remoteInfo = rps;
		};
		0A8F5EE32892CFB000425DB3 /* PBXContainerItemProxy */ = {
			isa = PBXContainerItemProxy;
			containerPortal = 0A8F5EC02892CFAD00425DB3 /* Project object */;
			proxyType = 1;
			remoteGlobalIDString = 0A8F5EC72892CFAD00425DB3;
			remoteInfo = rps;
		};
/* End PBXContainerItemProxy section */

/* Begin PBXFileReference section */
		0A8F5EC82892CFAD00425DB3 /* rps.app */ = {isa = PBXFileReference; explicitFileType = wrapper.application; includeInIndex = 0; path = rps.app; sourceTree = BUILT_PRODUCTS_DIR; };
		0A8F5ECB2892CFAD00425DB3 /* rpsApp.swift */ = {isa = PBXFileReference; lastKnownFileType = sourcecode.swift; path = rpsApp.swift; sourceTree = "<group>"; };
		0A8F5ECD2892CFAD00425DB3 /* ContentView.swift */ = {isa = PBXFileReference; lastKnownFileType = sourcecode.swift; path = ContentView.swift; sourceTree = "<group>"; };
		0A8F5ECF2892CFB000425DB3 /* Assets.xcassets */ = {isa = PBXFileReference; lastKnownFileType = folder.assetcatalog; path = Assets.xcassets; sourceTree = "<group>"; };
		0A8F5ED22892CFB000425DB3 /* Preview Assets.xcassets */ = {isa = PBXFileReference; lastKnownFileType = folder.assetcatalog; path = "Preview Assets.xcassets"; sourceTree = "<group>"; };
		0A8F5ED82892CFB000425DB3 /* rpsTests.xctest */ = {isa = PBXFileReference; explicitFileType = wrapper.cfbundle; includeInIndex = 0; path = rpsTests.xctest; sourceTree = BUILT_PRODUCTS_DIR; };
		0A8F5EDC2892CFB000425DB3 /* rpsTests.swift */ = {isa = PBXFileReference; lastKnownFileType = sourcecode.swift; path = rpsTests.swift; sourceTree = "<group>"; };
		0A8F5EE22892CFB000425DB3 /* rpsUITests.xctest */ = {isa = PBXFileReference; explicitFileType = wrapper.cfbundle; includeInIndex = 0; path = rpsUITests.xctest; sourceTree = BUILT_PRODUCTS_DIR; };
		0A8F5EE62892CFB000425DB3 /* rpsUITests.swift */ = {isa = PBXFileReference; lastKnownFileType = sourcecode.swift; path = rpsUITests.swift; sourceTree = "<group>"; };
		0A8F5EE82892CFB000425DB3 /* rpsUITestsLaunchTests.swift */ = {isa = PBXFileReference; lastKnownFileType = sourcecode.swift; path = rpsUITestsLaunchTests.swift; sourceTree = "<group>"; };
/* End PBXFileReference section */

/* Begin PBXFrameworksBuildPhase section */
		0A8F5EC52892CFAD00425DB3 /* Frameworks */ = {
			isa = PBXFrameworksBuildPhase;
			buildActionMask = 2147483647;
			files = (
			);
			runOnlyForDeploymentPostprocessing = 0;
		};
		0A8F5ED52892CFB000425DB3 /* Frameworks */ = {
			isa = PBXFrameworksBuildPhase;
			buildActionMask = 2147483647;
			files = (
			);
			runOnlyForDeploymentPostprocessing = 0;
		};
		0A8F5EDF2892CFB000425DB3 /* Frameworks */ = {
			isa = PBXFrameworksBuildPhase;
			buildActionMask = 2147483647;
			files = (
			);
			runOnlyForDeploymentPostprocessing = 0;
		};
/* End PBXFrameworksBuildPhase section */

/* Begin PBXGroup section */
		0A8F5EBF2892CFAD00425DB3 = {
			isa = PBXGroup;
			children = (
				0A8F5ECA2892CFAD00425DB3 /* rps */,
				0A8F5EDB2892CFB000425DB3 /* rpsTests */,
				0A8F5EE52892CFB000425DB3 /* rpsUITests */,
				0A8F5EC92892CFAD00425DB3 /* Products */,
			);
			sourceTree = "<group>";
		};
		0A8F5EC92892CFAD00425DB3 /* Products */ = {
			isa = PBXGroup;
			children = (
				0A8F5EC82892CFAD00425DB3 /* rps.app */,
				0A8F5ED82892CFB000425DB3 /* rpsTests.xctest */,
				0A8F5EE22892CFB000425DB3 /* rpsUITests.xctest */,
			);
			name = Products;
			sourceTree = "<group>";
		};
		0A8F5ECA2892CFAD00425DB3 /* rps */ = {
			isa = PBXGroup;
			children = (
				0A8F5ECB2892CFAD00425DB3 /* rpsApp.swift */,
				0A8F5ECD2892CFAD00425DB3 /* ContentView.swift */,
				0A8F5ECF2892CFB000425DB3 /* Assets.xcassets */,
				0A8F5ED12892CFB000425DB3 /* Preview Content */,
			);
			path = rps;
			sourceTree = "<group>";
		};
		0A8F5ED12892CFB000425DB3 /* Preview Content */ = {
			isa = PBXGroup;
			children = (
				0A8F5ED22892CFB000425DB3 /* Preview Assets.xcassets */,
			);
			path = "Preview Content";
			sourceTree = "<group>";
		};
		0A8F5EDB2892CFB000425DB3 /* rpsTests */ = {
			isa = PBXGroup;
			children = (
				0A8F5EDC2892CFB000425DB3 /* rpsTests.swift */,
			);
			path = rpsTests;
			sourceTree = "<group>";
		};
		0A8F5EE52892CFB000425DB3 /* rpsUITests */ = {
			isa = PBXGroup;
			children = (
				0A8F5EE62892CFB000425DB3 /* rpsUITests.swift */,
				0A8F5EE82892CFB000425DB3 /* rpsUITestsLaunchTests.swift */,
			);
			path = rpsUITests;
			sourceTree = "<group>";
		};
/* End PBXGroup section */

/* Begin PBXNativeTarget section */
		0A8F5EC72892CFAD00425DB3 /* rps */ = {
			isa = PBXNativeTarget;
			buildConfigurationList = 0A8F5EEC2892CFB000425DB3 /* Build configuration list for PBXNativeTarget "rps" */;
			buildPhases = (
				0A8F5EC42892CFAD00425DB3 /* Sources */,
				0A8F5EC52892CFAD00425DB3 /* Frameworks */,
				0A8F5EC62892CFAD00425DB3 /* Resources */,
			);
			buildRules = (
			);
			dependencies = (
			);
			name = rps;
			productName = rps;
			productReference = 0A8F5EC82892CFAD00425DB3 /* rps.app */;
			productType = "com.apple.product-type.application";
		};
		0A8F5ED72892CFB000425DB3 /* rpsTests */ = {
			isa = PBXNativeTarget;
			buildConfigurationList = 0A8F5EEF2892CFB000425DB3 /* Build configuration list for PBXNativeTarget "rpsTests" */;
			buildPhases = (
				0A8F5ED42892CFB000425DB3 /* Sources */,
				0A8F5ED52892CFB000425DB3 /* Frameworks */,
				0A8F5ED62892CFB000425DB3 /* Resources */,
			);
			buildRules = (
			);
			dependencies = (
				0A8F5EDA2892CFB000425DB3 /* PBXTargetDependency */,
			);
			name = rpsTests;
			productName = rpsTests;
			productReference = 0A8F5ED82892CFB000425DB3 /* rpsTests.xctest */;
			productType = "com.apple.product-type.bundle.unit-test";
		};
		0A8F5EE12892CFB000425DB3 /* rpsUITests */ = {
			isa = PBXNativeTarget;
			buildConfigurationList = 0A8F5EF22892CFB000425DB3 /* Build configuration list for PBXNativeTarget "rpsUITests" */;
			buildPhases = (
				0A8F5EDE2892CFB000425DB3 /* Sources */,
				0A8F5EDF2892CFB000425DB3 /* Frameworks */,
				0A8F5EE02892CFB000425DB3 /* Resources */,
			);
			buildRules = (
			);
			dependencies = (
				0A8F5EE42892CFB000425DB3 /* PBXTargetDependency */,
			);
			name = rpsUITests;
			productName = rpsUITests;
			productReference = 0A8F5EE22892CFB000425DB3 /* rpsUITests.xctest */;
			productType = "com.apple.product-type.bundle.ui-testing";
		};
/* End PBXNativeTarget section */

/* Begin PBXProject section */
		0A8F5EC02892CFAD00425DB3 /* Project object */ = {
			isa = PBXProject;
			attributes = {
				BuildIndependentTargetsInParallel = 1;
				LastSwiftUpdateCheck = 1340;
				LastUpgradeCheck = 1340;
				TargetAttributes = {
					0A8F5EC72892CFAD00425DB3 = {
						CreatedOnToolsVersion = 13.4.1;
					};
					0A8F5ED72892CFB000425DB3 = {
						CreatedOnToolsVersion = 13.4.1;
						TestTargetID = 0A8F5EC72892CFAD00425DB3;
					};
					0A8F5EE12892CFB000425DB3 = {
						CreatedOnToolsVersion = 13.4.1;
						TestTargetID = 0A8F5EC72892CFAD00425DB3;
					};
				};
			};
			buildConfigurationList = 0A8F5EC32892CFAD00425DB3 /* Build configuration list for PBXProject "rps" */;
			compatibilityVersion = "Xcode 13.0";
			developmentRegion = en;
			hasScannedForEncodings = 0;
			knownRegions = (
				en,
				Base,
			);
			mainGroup = 0A8F5EBF2892CFAD00425DB3;
			productRefGroup = 0A8F5EC92892CFAD00425DB3 /* Products */;
			projectDirPath = "";
			projectRoot = "";
			targets = (
				0A8F5EC72892CFAD00425DB3 /* rps */,
				0A8F5ED72892CFB000425DB3 /* rpsTests */,
				0A8F5EE12892CFB000425DB3 /* rpsUITests */,
			);
		};
/* End PBXProject section */

/* Begin PBXResourcesBuildPhase section */
		0A8F5EC62892CFAD00425DB3 /* Resources */ = {
			isa = PBXResourcesBuildPhase;
			buildActionMask = 2147483647;
			files = (
				0A8F5ED32892CFB000425DB3 /* Preview Assets.xcassets in Resources */,
				0A8F5ED02892CFB000425DB3 /* Assets.xcassets in Resources */,
			);
			runOnlyForDeploymentPostprocessing = 0;
		};
		0A8F5ED62892CFB000425DB3 /* Resources */ = {
			isa = PBXResourcesBuildPhase;
			buildActionMask = 2147483647;
			files = (
			);
			runOnlyForDeploymentPostprocessing = 0;
		};
		0A8F5EE02892CFB000425DB3 /* Resources */ = {
			isa = PBXResourcesBuildPhase;
			buildActionMask = 2147483647;
			files = (
			);
			runOnlyForDeploymentPostprocessing = 0;
		};
/* End PBXResourcesBuildPhase section */

/* Begin PBXSourcesBuildPhase section */
		0A8F5EC42892CFAD00425DB3 /* Sources */ = {
			isa = PBXSourcesBuildPhase;
			buildActionMask = 2147483647;
			files = (
				0A8F5ECE2892CFAD00425DB3 /* ContentView.swift in Sources */,
				0A8F5ECC2892CFAD00425DB3 /* rpsApp.swift in Sources */,
			);
			runOnlyForDeploymentPostprocessing = 0;
		};
		0A8F5ED42892CFB000425DB3 /* Sources */ = {
			isa = PBXSourcesBuildPhase;
			buildActionMask = 2147483647;
			files = (
				0A8F5EDD2892CFB000425DB3 /* rpsTests.swift in Sources */,
			);
			runOnlyForDeploymentPostprocessing = 0;
		};
		0A8F5EDE2892CFB000425DB3 /* Sources */ = {
			isa = PBXSourcesBuildPhase;
			buildActionMask = 2147483647;
			files = (
				0A8F5EE92892CFB000425DB3 /* rpsUITestsLaunchTests.swift in Sources */,
				0A8F5EE72892CFB000425DB3 /* rpsUITests.swift in Sources */,
			);
			runOnlyForDeploymentPostprocessing = 0;
		};
/* End PBXSourcesBuildPhase section */

/* Begin PBXTargetDependency section */
		0A8F5EDA2892CFB000425DB3 /* PBXTargetDependency */ = {
			isa = PBXTargetDependency;
			target = 0A8F5EC72892CFAD00425DB3 /* rps */;
			targetProxy = 0A8F5ED92892CFB000425DB3 /* PBXContainerItemProxy */;
		};
		0A8F5EE42892CFB000425DB3 /* PBXTargetDependency */ = {
			isa = PBXTargetDependency;
			target = 0A8F5EC72892CFAD00425DB3 /* rps */;
			targetProxy = 0A8F5EE32892CFB000425DB3 /* PBXContainerItemProxy */;
		};
/* End PBXTargetDependency section */

/* Begin XCBuildConfiguration section */
		0A8F5EEA2892CFB000425DB3 /* Debug */ = {
			isa = XCBuildConfiguration;
			buildSettings = {
				ALWAYS_SEARCH_USER_PATHS = NO;
				CLANG_ANALYZER_NONNULL = YES;
				CLANG_ANALYZER_NUMBER_OBJECT_CONVERSION = YES_AGGRESSIVE;
				CLANG_CXX_LANGUAGE_STANDARD = "gnu++17";
				CLANG_ENABLE_MODULES = YES;
				CLANG_ENABLE_OBJC_ARC = YES;
				CLANG_ENABLE_OBJC_WEAK = YES;
				CLANG_WARN_BLOCK_CAPTURE_AUTORELEASING = YES;
				CLANG_WARN_BOOL_CONVERSION = YES;
				CLANG_WARN_COMMA = YES;
				CLANG_WARN_CONSTANT_CONVERSION = YES;
				CLANG_WARN_DEPRECATED_OBJC_IMPLEMENTATIONS = YES;
				CLANG_WARN_DIRECT_OBJC_ISA_USAGE = YES_ERROR;
				CLANG_WARN_DOCUMENTATION_COMMENTS = YES;
				CLANG_WARN_EMPTY_BODY = YES;
				CLANG_WARN_ENUM_CONVERSION = YES;
				CLANG_WARN_INFINITE_RECURSION = YES;
				CLANG_WARN_INT_CONVERSION = YES;
				CLANG_WARN_NON_LITERAL_NULL_CONVERSION = YES;
				CLANG_WARN_OBJC_IMPLICIT_RETAIN_SELF = YES;
				CLANG_WARN_OBJC_LITERAL_CONVERSION = YES;
				CLANG_WARN_OBJC_ROOT_CLASS = YES_ERROR;
				CLANG_WARN_QUOTED_INCLUDE_IN_FRAMEWORK_HEADER = YES;
				CLANG_WARN_RANGE_LOOP_ANALYSIS = YES;
				CLANG_WARN_STRICT_PROTOTYPES = YES;
				CLANG_WARN_SUSPICIOUS_MOVE = YES;
				CLANG_WARN_UNGUARDED_AVAILABILITY = YES_AGGRESSIVE;
				CLANG_WARN_UNREACHABLE_CODE = YES;
				CLANG_WARN__DUPLICATE_METHOD_MATCH = YES;
				COPY_PHASE_STRIP = NO;
				DEBUG_INFORMATION_FORMAT = dwarf;
				ENABLE_STRICT_OBJC_MSGSEND = YES;
				ENABLE_TESTABILITY = YES;
				GCC_C_LANGUAGE_STANDARD = gnu11;
				GCC_DYNAMIC_NO_PIC = NO;
				GCC_NO_COMMON_BLOCKS = YES;
				GCC_OPTIMIZATION_LEVEL = 0;
				GCC_PREPROCESSOR_DEFINITIONS = (
					"DEBUG=1",
					"$(inherited)",
				);
				GCC_WARN_64_TO_32_BIT_CONVERSION = YES;
				GCC_WARN_ABOUT_RETURN_TYPE = YES_ERROR;
				GCC_WARN_UNDECLARED_SELECTOR = YES;
				GCC_WARN_UNINITIALIZED_AUTOS = YES_AGGRESSIVE;
				GCC_WARN_UNUSED_FUNCTION = YES;
				GCC_WARN_UNUSED_VARIABLE = YES;
				IPHONEOS_DEPLOYMENT_TARGET = 15.5;
				MTL_ENABLE_DEBUG_INFO = INCLUDE_SOURCE;
				MTL_FAST_MATH = YES;
				ONLY_ACTIVE_ARCH = YES;
				SDKROOT = iphoneos;
				SWIFT_ACTIVE_COMPILATION_CONDITIONS = DEBUG;
				SWIFT_OPTIMIZATION_LEVEL = "-Onone";
			};
			name = Debug;
		};
		0A8F5EEB2892CFB000425DB3 /* Release */ = {
			isa = XCBuildConfiguration;
			buildSettings = {
				ALWAYS_SEARCH_USER_PATHS = NO;
				CLANG_ANALYZER_NONNULL = YES;
				CLANG_ANALYZER_NUMBER_OBJECT_CONVERSION = YES_AGGRESSIVE;
				CLANG_CXX_LANGUAGE_STANDARD = "gnu++17";
				CLANG_ENABLE_MODULES = YES;
				CLANG_ENABLE_OBJC_ARC = YES;
				CLANG_ENABLE_OBJC_WEAK = YES;
				CLANG_WARN_BLOCK_CAPTURE_AUTORELEASING = YES;
				CLANG_WARN_BOOL_CONVERSION = YES;
				CLANG_WARN_COMMA = YES;
				CLANG_WARN_CONSTANT_CONVERSION = YES;
				CLANG_WARN_DEPRECATED_OBJC_IMPLEMENTATIONS = YES;
				CLANG_WARN_DIRECT_OBJC_ISA_USAGE = YES_ERROR;
				CLANG_WARN_DOCUMENTATION_COMMENTS = YES;
				CLANG_WARN_EMPTY_BODY = YES;
				CLANG_WARN_ENUM_CONVERSION = YES;
				CLANG_WARN_INFINITE_RECURSION = YES;
				CLANG_WARN_INT_CONVERSION = YES;
				CLANG_WARN_NON_LITERAL_NULL_CONVERSION = YES;
				CLANG_WARN_OBJC_IMPLICIT_RETAIN_SELF = YES;
				CLANG_WARN_OBJC_LITERAL_CONVERSION = YES;
				CLANG_WARN_OBJC_ROOT_CLASS = YES_ERROR;
				CLANG_WARN_QUOTED_INCLUDE_IN_FRAMEWORK_HEADER = YES;
				CLANG_WARN_RANGE_LOOP_ANALYSIS = YES;
				CLANG_WARN_STRICT_PROTOTYPES = YES;
				CLANG_WARN_SUSPICIOUS_MOVE = YES;
				CLANG_WARN_UNGUARDED_AVAILABILITY = YES_AGGRESSIVE;
				CLANG_WARN_UNREACHABLE_CODE = YES;
				CLANG_WARN__DUPLICATE_METHOD_MATCH = YES;
				COPY_PHASE_STRIP = NO;
				DEBUG_INFORMATION_FORMAT = "dwarf-with-dsym";
				ENABLE_NS_ASSERTIONS = NO;
				ENABLE_STRICT_OBJC_MSGSEND = YES;
				GCC_C_LANGUAGE_STANDARD = gnu11;
				GCC_NO_COMMON_BLOCKS = YES;
				GCC_WARN_64_TO_32_BIT_CONVERSION = YES;
				GCC_WARN_ABOUT_RETURN_TYPE = YES_ERROR;
				GCC_WARN_UNDECLARED_SELECTOR = YES;
				GCC_WARN_UNINITIALIZED_AUTOS = YES_AGGRESSIVE;
				GCC_WARN_UNUSED_FUNCTION = YES;
				GCC_WARN_UNUSED_VARIABLE = YES;
				IPHONEOS_DEPLOYMENT_TARGET = 15.5;
				MTL_ENABLE_DEBUG_INFO = NO;
				MTL_FAST_MATH = YES;
				SDKROOT = iphoneos;
				SWIFT_COMPILATION_MODE = wholemodule;
				SWIFT_OPTIMIZATION_LEVEL = "-O";
				VALIDATE_PRODUCT = YES;
			};
			name = Release;
		};
		0A8F5EED2892CFB000425DB3 /* Debug */ = {
			isa = XCBuildConfiguration;
			buildSettings = {
				ASSETCATALOG_COMPILER_APPICON_NAME = AppIcon;
				ASSETCATALOG_COMPILER_GLOBAL_ACCENT_COLOR_NAME = AccentColor;
				CODE_SIGN_STYLE = Automatic;
				CURRENT_PROJECT_VERSION = 1;
				DEVELOPMENT_ASSET_PATHS = "\"rps/Preview Content\"";
				DEVELOPMENT_TEAM = HLG96S337R;
				ENABLE_PREVIEWS = YES;
				GENERATE_INFOPLIST_FILE = YES;
				INFOPLIST_KEY_UIApplicationSceneManifest_Generation = YES;
				INFOPLIST_KEY_UIApplicationSupportsIndirectInputEvents = YES;
				INFOPLIST_KEY_UILaunchScreen_Generation = YES;
				INFOPLIST_KEY_UISupportedInterfaceOrientations_iPad = "UIInterfaceOrientationPortrait UIInterfaceOrientationPortraitUpsideDown UIInterfaceOrientationLandscapeLeft UIInterfaceOrientationLandscapeRight";
				INFOPLIST_KEY_UISupportedInterfaceOrientations_iPhone = "UIInterfaceOrientationPortrait UIInterfaceOrientationLandscapeLeft UIInterfaceOrientationLandscapeRight";
				LD_RUNPATH_SEARCH_PATHS = (
					"$(inherited)",
					"@executable_path/Frameworks",
				);
				MARKETING_VERSION = 1.0;
				PRODUCT_BUNDLE_IDENTIFIER = com.ajaydarisi.rps;
				PRODUCT_NAME = "$(TARGET_NAME)";
				SWIFT_EMIT_LOC_STRINGS = YES;
				SWIFT_VERSION = 5.0;
				TARGETED_DEVICE_FAMILY = "1,2";
			};
			name = Debug;
		};
		0A8F5EEE2892CFB000425DB3 /* Release */ = {
			isa = XCBuildConfiguration;
			buildSettings = {
				ASSETCATALOG_COMPILER_APPICON_NAME = AppIcon;
				ASSETCATALOG_COMPILER_GLOBAL_ACCENT_COLOR_NAME = AccentColor;
				CODE_SIGN_STYLE = Automatic;
				CURRENT_PROJECT_VERSION = 1;
				DEVELOPMENT_ASSET_PATHS = "\"rps/Preview Content\"";
				DEVELOPMENT_TEAM = HLG96S337R;
				ENABLE_PREVIEWS = YES;
				GENERATE_INFOPLIST_FILE = YES;
				INFOPLIST_KEY_UIApplicationSceneManifest_Generation = YES;
				INFOPLIST_KEY_UIApplicationSupportsIndirectInputEvents = YES;
				INFOPLIST_KEY_UILaunchScreen_Generation = YES;
				INFOPLIST_KEY_UISupportedInterfaceOrientations_iPad = "UIInterfaceOrientationPortrait UIInterfaceOrientationPortraitUpsideDown UIInterfaceOrientationLandscapeLeft UIInterfaceOrientationLandscapeRight";
				INFOPLIST_KEY_UISupportedInterfaceOrientations_iPhone = "UIInterfaceOrientationPortrait UIInterfaceOrientationLandscapeLeft UIInterfaceOrientationLandscapeRight";
				LD_RUNPATH_SEARCH_PATHS = (
					"$(inherited)",
					"@executable_path/Frameworks",
				);
				MARKETING_VERSION = 1.0;
				PRODUCT_BUNDLE_IDENTIFIER = com.ajaydarisi.rps;
				PRODUCT_NAME = "$(TARGET_NAME)";
				SWIFT_EMIT_LOC_STRINGS = YES;
				SWIFT_VERSION = 5.0;
				TARGETED_DEVICE_FAMILY = "1,2";
			};
			name = Release;
		};
		0A8F5EF02892CFB000425DB3 /* Debug */ = {
			isa = XCBuildConfiguration;
			buildSettings = {
				ALWAYS_EMBED_SWIFT_STANDARD_LIBRARIES = YES;
				BUNDLE_LOADER = "$(TEST_HOST)";
				CODE_SIGN_STYLE = Automatic;
				CURRENT_PROJECT_VERSION = 1;
				DEVELOPMENT_TEAM = HLG96S337R;
				GENERATE_INFOPLIST_FILE = YES;
				IPHONEOS_DEPLOYMENT_TARGET = 15.5;
				MARKETING_VERSION = 1.0;
				PRODUCT_BUNDLE_IDENTIFIER = com.ajaydarisi.rpsTests;
				PRODUCT_NAME = "$(TARGET_NAME)";
				SWIFT_EMIT_LOC_STRINGS = NO;
				SWIFT_VERSION = 5.0;
				TARGETED_DEVICE_FAMILY = "1,2";
				TEST_HOST = "$(BUILT_PRODUCTS_DIR)/rps.app/rps";
			};
			name = Debug;
		};
		0A8F5EF12892CFB000425DB3 /* Release */ = {
			isa = XCBuildConfiguration;
			buildSettings = {
				ALWAYS_EMBED_SWIFT_STANDARD_LIBRARIES = YES;
				BUNDLE_LOADER = "$(TEST_HOST)";
				CODE_SIGN_STYLE = Automatic;
				CURRENT_PROJECT_VERSION = 1;
				DEVELOPMENT_TEAM = HLG96S337R;
				GENERATE_INFOPLIST_FILE = YES;
				IPHONEOS_DEPLOYMENT_TARGET = 15.5;
				MARKETING_VERSION = 1.0;
				PRODUCT_BUNDLE_IDENTIFIER = com.ajaydarisi.rpsTests;
				PRODUCT_NAME = "$(TARGET_NAME)";
				SWIFT_EMIT_LOC_STRINGS = NO;
				SWIFT_VERSION = 5.0;
				TARGETED_DEVICE_FAMILY = "1,2";
				TEST_HOST = "$(BUILT_PRODUCTS_DIR)/rps.app/rps";
			};
			name = Release;
		};
		0A8F5EF32892CFB000425DB3 /* Debug */ = {
			isa = XCBuildConfiguration;
			buildSettings = {
				ALWAYS_EMBED_SWIFT_STANDARD_LIBRARIES = YES;
				CODE_SIGN_STYLE = Automatic;
				CURRENT_PROJECT_VERSION = 1;
				DEVELOPMENT_TEAM = HLG96S337R;
				GENERATE_INFOPLIST_FILE = YES;
				MARKETING_VERSION = 1.0;
				PRODUCT_BUNDLE_IDENTIFIER = com.ajaydarisi.rpsUITests;
				PRODUCT_NAME = "$(TARGET_NAME)";
				SWIFT_EMIT_LOC_STRINGS = NO;
				SWIFT_VERSION = 5.0;
				TARGETED_DEVICE_FAMILY = "1,2";
				TEST_TARGET_NAME = rps;
			};
			name = Debug;
		};
		0A8F5EF42892CFB000425DB3 /* Release */ = {
			isa = XCBuildConfiguration;
			buildSettings = {
				ALWAYS_EMBED_SWIFT_STANDARD_LIBRARIES = YES;
				CODE_SIGN_STYLE = Automatic;
				CURRENT_PROJECT_VERSION = 1;
				DEVELOPMENT_TEAM = HLG96S337R;
				GENERATE_INFOPLIST_FILE = YES;
				MARKETING_VERSION = 1.0;
				PRODUCT_BUNDLE_IDENTIFIER = com.ajaydarisi.rpsUITests;
				PRODUCT_NAME = "$(TARGET_NAME)";
				SWIFT_EMIT_LOC_STRINGS = NO;
				SWIFT_VERSION = 5.0;
				TARGETED_DEVICE_FAMILY = "1,2";
				TEST_TARGET_NAME = rps;
			};
			name = Release;
		};
/* End XCBuildConfiguration section */

/* Begin XCConfigurationList section */
		0A8F5EC32892CFAD00425DB3 /* Build configuration list for PBXProject "rps" */ = {
			isa = XCConfigurationList;
			buildConfigurations = (
				0A8F5EEA2892CFB000425DB3 /* Debug */,
				0A8F5EEB2892CFB000425DB3 /* Release */,
			);
			defaultConfigurationIsVisible = 0;
			defaultConfigurationName = Release;
		};
		0A8F5EEC2892CFB000425DB3 /* Build configuration list for PBXNativeTarget "rps" */ = {
			isa = XCConfigurationList;
			buildConfigurations = (
				0A8F5EED2892CFB000425DB3 /* Debug */,
				0A8F5EEE2892CFB000425DB3 /* Release */,
			);
			defaultConfigurationIsVisible = 0;
			defaultConfigurationName = Release;
		};
		0A8F5EEF2892CFB000425DB3 /* Build configuration list for PBXNativeTarget "rpsTests" */ = {
			isa = XCConfigurationList;
			buildConfigurations = (
				0A8F5EF02892CFB000425DB3 /* Debug */,
				0A8F5EF12892CFB000425DB3 /* Release */,
			);
			defaultConfigurationIsVisible = 0;
			defaultConfigurationName = Release;
		};
		0A8F5EF22892CFB000425DB3 /* Build configuration list for PBXNativeTarget "rpsUITests" */ = {
			isa = XCConfigurationList;
			buildConfigurations = (
				0A8F5EF32892CFB000425DB3 /* Debug */,
				0A8F5EF42892CFB000425DB3 /* Release */,
			);
			defaultConfigurationIsVisible = 0;
			defaultConfigurationName = Release;
		};
/* End XCConfigurationList section */
	};
	rootObject = 0A8F5EC02892CFAD00425DB3 /* Project object */;
}
